
Microsoft Visual Studio Solution File, Format Version 12.00
Project("{FAE04EC0-301F-11D3-BF4B-00C04F79EFBC}") = "my-books", "my-books\my-books.csproj", "{8460642D-727E-4D3F-96AB-A8F97A1AEAF2}"
EndProject
Global
	GlobalSection(SolutionConfigurationPlatforms) = preSolution
		Debug|Any CPU = Debug|Any CPU
		Release|Any CPU = Release|Any CPU
	EndGlobalSection
	GlobalSection(ProjectConfigurationPlatforms) = postSolution
		{8460642D-727E-4D3F-96AB-A8F97A1AEAF2}.Debug|Any CPU.ActiveCfg = Debug|Any CPU
		{8460642D-727E-4D3F-96AB-A8F97A1AEAF2}.Debug|Any CPU.Build.0 = Debug|Any CPU
		{8460642D-727E-4D3F-96AB-A8F97A1AEAF2}.Release|Any CPU.ActiveCfg = Release|Any CPU
		{8460642D-727E-4D3F-96AB-A8F97A1AEAF2}.Release|Any CPU.Build.0 = Release|Any CPU
	EndGlobalSection
EndGlobal
